
Microsoft Visual Studio Solution File, Format Version 12.00
# Visual Studio Version 16
VisualStudioVersion = 16.0.31112.23
MinimumVisualStudioVersion = 10.0.40219.1
Project("{FAE04EC0-301F-11D3-BF4B-00C04F79EFBC}") = "scraper", "scraper.csproj", "{15460A1A-3DC5-408B-974C-B9E19934826E}"
EndProject
Global
	GlobalSection(SolutionConfigurationPlatforms) = preSolution
		Debug|Any CPU = Debug|Any CPU
		Release|Any CPU = Release|Any CPU
	EndGlobalSection
	GlobalSection(ProjectConfigurationPlatforms) = postSolution
		{15460A1A-3DC5-408B-974C-B9E19934826E}.Debug|Any CPU.ActiveCfg = Debug|Any CPU
		{15460A1A-3DC5-408B-974C-B9E19934826E}.Debug|Any CPU.Build.0 = Debug|Any CPU
		{15460A1A-3DC5-408B-974C-B9E19934826E}.Release|Any CPU.ActiveCfg = Release|Any CPU
		{15460A1A-3DC5-408B-974C-B9E19934826E}.Release|Any CPU.Build.0 = Release|Any CPU
	EndGlobalSection
	GlobalSection(SolutionProperties) = preSolution
		HideSolutionNode = FALSE
	EndGlobalSection
	GlobalSection(ExtensibilityGlobals) = postSolution
		SolutionGuid = {39633610-91EC-46CC-A7CC-F9B3969C7037}
	EndGlobalSection
EndGlobal
